
Microsoft Visual Studio Solution File, Format Version 12.00
# Visual Studio Version 16
VisualStudioVersion = 16.0.31515.178
MinimumVisualStudioVersion = 10.0.40219.1
Project("{FAE04EC0-301F-11D3-BF4B-00C04F79EFBC}") = "RestaurantAPI", "RestaurantAPI\RestaurantAPI.csproj", "{585421B4-35F8-4134-96F7-9EC9AF0BB32C}"
EndProject
Global
	GlobalSection(SolutionConfigurationPlatforms) = preSolution
		Debug|Any CPU = Debug|Any CPU
		Release|Any CPU = Release|Any CPU
	EndGlobalSection
	GlobalSection(ProjectConfigurationPlatforms) = postSolution
		{585421B4-35F8-4134-96F7-9EC9AF0BB32C}.Debug|Any CPU.ActiveCfg = Debug|Any CPU
		{585421B4-35F8-4134-96F7-9EC9AF0BB32C}.Debug|Any CPU.Build.0 = Debug|Any CPU
		{585421B4-35F8-4134-96F7-9EC9AF0BB32C}.Release|Any CPU.ActiveCfg = Release|Any CPU
		{585421B4-35F8-4134-96F7-9EC9AF0BB32C}.Release|Any CPU.Build.0 = Release|Any CPU
	EndGlobalSection
	GlobalSection(SolutionProperties) = preSolution
		HideSolutionNode = FALSE
	EndGlobalSection
	GlobalSection(ExtensibilityGlobals) = postSolution
		SolutionGuid = {EC3D9318-37A7-40E8-AFF1-1C152DAAE52E}
	EndGlobalSection
EndGlobal
